// !$*UTF8*$!
{
	archiveVersion = 1;
	classes = {
	};
	objectVersion = 51;
	objects = {

/* Begin PBXBuildFile section */
		44CB0DF322A198EF0048627B /* AppDelegate.swift in Sources */ = {isa = PBXBuildFile; fileRef = 44CB0DF222A198EF0048627B /* AppDelegate.swift */; };
		44CB0DF522A198EF0048627B /* ViewController.swift in Sources */ = {isa = PBXBuildFile; fileRef = 44CB0DF422A198EF0048627B /* ViewController.swift */; };
		44CB0DFA22A198F00048627B /* Assets.xcassets in Resources */ = {isa = PBXBuildFile; fileRef = 44CB0DF922A198F00048627B /* Assets.xcassets */; };
		44CB0DFD22A198F00048627B /* LaunchScreen.storyboard in Resources */ = {isa = PBXBuildFile; fileRef = 44CB0DFB22A198F00048627B /* LaunchScreen.storyboard */; };
		44CB0E0822A19BD70048627B /* Item.swift in Sources */ = {isa = PBXBuildFile; fileRef = 44CB0E0722A19BD70048627B /* Item.swift */; };
		44CB0E0A22A19BE90048627B /* ItemCell.swift in Sources */ = {isa = PBXBuildFile; fileRef = 44CB0E0922A19BE90048627B /* ItemCell.swift */; };
		44CB0E0C22A19C000048627B /* ItemController.swift in Sources */ = {isa = PBXBuildFile; fileRef = 44CB0E0B22A19C000048627B /* ItemController.swift */; };
		44CB0E1422A885AC0048627B /* ItemCellViewModel.swift in Sources */ = {isa = PBXBuildFile; fileRef = 44CB0E1322A885AC0048627B /* ItemCellViewModel.swift */; };
		44CB100C22A973E40048627B /* WWScrollTests.swift in Sources */ = {isa = PBXBuildFile; fileRef = 44CB100B22A973E40048627B /* WWScrollTests.swift */; };
		44CB101422A997DF0048627B /* ItemsViewModel.swift in Sources */ = {isa = PBXBuildFile; fileRef = 44CB101322A997DF0048627B /* ItemsViewModel.swift */; };
		44CB101622AAE65F0048627B /* MockURL.swift in Sources */ = {isa = PBXBuildFile; fileRef = 44CB101522AAE65F0048627B /* MockURL.swift */; };
		7CF9C94B5FB35B84E9E5E4AA /* Pods_WWScroll.framework in Frameworks */ = {isa = PBXBuildFile; fileRef = AB6E7BA397E1A3A44D967D74 /* Pods_WWScroll.framework */; };
/* End PBXBuildFile section */

/* Begin PBXContainerItemProxy section */
		44CB100E22A973E40048627B /* PBXContainerItemProxy */ = {
			isa = PBXContainerItemProxy;
			containerPortal = 44CB0DE722A198EF0048627B /* Project object */;
			proxyType = 1;
			remoteGlobalIDString = 44CB0DEE22A198EF0048627B;
			remoteInfo = WWScroll;
		};
/* End PBXContainerItemProxy section */

/* Begin PBXFileReference section */
		44CB0DEF22A198EF0048627B /* WWScroll.app */ = {isa = PBXFileReference; explicitFileType = wrapper.application; includeInIndex = 0; path = WWScroll.app; sourceTree = BUILT_PRODUCTS_DIR; };
		44CB0DF222A198EF0048627B /* AppDelegate.swift */ = {isa = PBXFileReference; lastKnownFileType = sourcecode.swift; path = AppDelegate.swift; sourceTree = "<group>"; };
		44CB0DF422A198EF0048627B /* ViewController.swift */ = {isa = PBXFileReference; lastKnownFileType = sourcecode.swift; path = ViewController.swift; sourceTree = "<group>"; };
		44CB0DF922A198F00048627B /* Assets.xcassets */ = {isa = PBXFileReference; lastKnownFileType = folder.assetcatalog; path = Assets.xcassets; sourceTree = "<group>"; };
		44CB0DFC22A198F00048627B /* Base */ = {isa = PBXFileReference; lastKnownFileType = file.storyboard; name = Base; path = Base.lproj/LaunchScreen.storyboard; sourceTree = "<group>"; };
		44CB0DFE22A198F00048627B /* Info.plist */ = {isa = PBXFileReference; lastKnownFileType = text.plist.xml; path = Info.plist; sourceTree = "<group>"; };
		44CB0E0722A19BD70048627B /* Item.swift */ = {isa = PBXFileReference; lastKnownFileType = sourcecode.swift; path = Item.swift; sourceTree = "<group>"; };
		44CB0E0922A19BE90048627B /* ItemCell.swift */ = {isa = PBXFileReference; lastKnownFileType = sourcecode.swift; path = ItemCell.swift; sourceTree = "<group>"; };
		44CB0E0B22A19C000048627B /* ItemController.swift */ = {isa = PBXFileReference; lastKnownFileType = sourcecode.swift; path = ItemController.swift; sourceTree = "<group>"; };
		44CB0E1322A885AC0048627B /* ItemCellViewModel.swift */ = {isa = PBXFileReference; lastKnownFileType = sourcecode.swift; path = ItemCellViewModel.swift; sourceTree = "<group>"; };
		44CB100922A973E40048627B /* WWScrollTests.xctest */ = {isa = PBXFileReference; explicitFileType = wrapper.cfbundle; includeInIndex = 0; path = WWScrollTests.xctest; sourceTree = BUILT_PRODUCTS_DIR; };
		44CB100B22A973E40048627B /* WWScrollTests.swift */ = {isa = PBXFileReference; lastKnownFileType = sourcecode.swift; path = WWScrollTests.swift; sourceTree = "<group>"; };
		44CB100D22A973E40048627B /* Info.plist */ = {isa = PBXFileReference; lastKnownFileType = text.plist.xml; path = Info.plist; sourceTree = "<group>"; };
		44CB101322A997DF0048627B /* ItemsViewModel.swift */ = {isa = PBXFileReference; lastKnownFileType = sourcecode.swift; path = ItemsViewModel.swift; sourceTree = "<group>"; };
		44CB101522AAE65F0048627B /* MockURL.swift */ = {isa = PBXFileReference; lastKnownFileType = sourcecode.swift; path = MockURL.swift; sourceTree = "<group>"; };
		47DBA19F4D184BDC00304A01 /* Pods-WWScroll.debug.xcconfig */ = {isa = PBXFileReference; includeInIndex = 1; lastKnownFileType = text.xcconfig; name = "Pods-WWScroll.debug.xcconfig"; path = "Target Support Files/Pods-WWScroll/Pods-WWScroll.debug.xcconfig"; sourceTree = "<group>"; };
		AB6E7BA397E1A3A44D967D74 /* Pods_WWScroll.framework */ = {isa = PBXFileReference; explicitFileType = wrapper.framework; includeInIndex = 0; path = Pods_WWScroll.framework; sourceTree = BUILT_PRODUCTS_DIR; };
		BC838320B57D1CA90189D6BA /* Pods-WWScroll.release.xcconfig */ = {isa = PBXFileReference; includeInIndex = 1; lastKnownFileType = text.xcconfig; name = "Pods-WWScroll.release.xcconfig"; path = "Target Support Files/Pods-WWScroll/Pods-WWScroll.release.xcconfig"; sourceTree = "<group>"; };
/* End PBXFileReference section */

/* Begin PBXFrameworksBuildPhase section */
		44CB0DEC22A198EF0048627B /* Frameworks */ = {
			isa = PBXFrameworksBuildPhase;
			buildActionMask = 2147483647;
			files = (
				7CF9C94B5FB35B84E9E5E4AA /* Pods_WWScroll.framework in Frameworks */,
			);
			runOnlyForDeploymentPostprocessing = 0;
		};
		44CB100622A973E40048627B /* Frameworks */ = {
			isa = PBXFrameworksBuildPhase;
			buildActionMask = 2147483647;
			files = (
			);
			runOnlyForDeploymentPostprocessing = 0;
		};
/* End PBXFrameworksBuildPhase section */

/* Begin PBXGroup section */
		44CB0DE622A198EF0048627B = {
			isa = PBXGroup;
			children = (
				44CB0DF122A198EF0048627B /* WWScroll */,
				44CB100A22A973E40048627B /* WWScrollTests */,
				44CB0DF022A198EF0048627B /* Products */,
				B97B8C3609ECF399799809BF /* Pods */,
				83A8FB1E76EDED1B104D9B16 /* Frameworks */,
			);
			sourceTree = "<group>";
		};
		44CB0DF022A198EF0048627B /* Products */ = {
			isa = PBXGroup;
			children = (
				44CB0DEF22A198EF0048627B /* WWScroll.app */,
				44CB100922A973E40048627B /* WWScrollTests.xctest */,
			);
			name = Products;
			sourceTree = "<group>";
		};
		44CB0DF122A198EF0048627B /* WWScroll */ = {
			isa = PBXGroup;
			children = (
				44CB0E1222A8857D0048627B /* ViewModel */,
				44CB0E0622A199380048627B /* Model */,
				44CB0E0522A199330048627B /* View */,
				44CB0E0422A1992E0048627B /* Controller */,
				44CB0DF222A198EF0048627B /* AppDelegate.swift */,
				44CB0DF922A198F00048627B /* Assets.xcassets */,
				44CB0DF422A198EF0048627B /* ViewController.swift */,
				44CB0DFB22A198F00048627B /* LaunchScreen.storyboard */,
				44CB0DFE22A198F00048627B /* Info.plist */,
			);
			path = WWScroll;
			sourceTree = "<group>";
		};
		44CB0E0422A1992E0048627B /* Controller */ = {
			isa = PBXGroup;
			children = (
				44CB0E0B22A19C000048627B /* ItemController.swift */,
			);
			path = Controller;
			sourceTree = "<group>";
		};
		44CB0E0522A199330048627B /* View */ = {
			isa = PBXGroup;
			children = (
				44CB0E0922A19BE90048627B /* ItemCell.swift */,
			);
			path = View;
			sourceTree = "<group>";
		};
		44CB0E0622A199380048627B /* Model */ = {
			isa = PBXGroup;
			children = (
				44CB0E0722A19BD70048627B /* Item.swift */,
			);
			path = Model;
			sourceTree = "<group>";
		};
		44CB0E1222A8857D0048627B /* ViewModel */ = {
			isa = PBXGroup;
			children = (
				44CB0E1322A885AC0048627B /* ItemCellViewModel.swift */,
				44CB101322A997DF0048627B /* ItemsViewModel.swift */,
			);
			path = ViewModel;
			sourceTree = "<group>";
		};
		44CB100A22A973E40048627B /* WWScrollTests */ = {
			isa = PBXGroup;
			children = (
				44CB100B22A973E40048627B /* WWScrollTests.swift */,
				44CB101522AAE65F0048627B /* MockURL.swift */,
				44CB100D22A973E40048627B /* Info.plist */,
			);
			path = WWScrollTests;
			sourceTree = "<group>";
		};
		83A8FB1E76EDED1B104D9B16 /* Frameworks */ = {
			isa = PBXGroup;
			children = (
				AB6E7BA397E1A3A44D967D74 /* Pods_WWScroll.framework */,
			);
			name = Frameworks;
			sourceTree = "<group>";
		};
		B97B8C3609ECF399799809BF /* Pods */ = {
			isa = PBXGroup;
			children = (
				47DBA19F4D184BDC00304A01 /* Pods-WWScroll.debug.xcconfig */,
				BC838320B57D1CA90189D6BA /* Pods-WWScroll.release.xcconfig */,
			);
			path = Pods;
			sourceTree = "<group>";
		};
/* End PBXGroup section */

/* Begin PBXNativeTarget section */
		44CB0DEE22A198EF0048627B /* WWScroll */ = {
			isa = PBXNativeTarget;
			buildConfigurationList = 44CB0E0122A198F00048627B /* Build configuration list for PBXNativeTarget "WWScroll" */;
			buildPhases = (
				84A07E19A65412A2231CA45E /* [CP] Check Pods Manifest.lock */,
				44CB0DEB22A198EF0048627B /* Sources */,
				44CB0DEC22A198EF0048627B /* Frameworks */,
				44CB0DED22A198EF0048627B /* Resources */,
				EEF6C1AD0B2C9FF86E8532C3 /* [CP] Embed Pods Frameworks */,
			);
			buildRules = (
			);
			dependencies = (
			);
			name = WWScroll;
			productName = WWScroll;
			productReference = 44CB0DEF22A198EF0048627B /* WWScroll.app */;
			productType = "com.apple.product-type.application";
		};
		44CB100822A973E40048627B /* WWScrollTests */ = {
			isa = PBXNativeTarget;
			buildConfigurationList = 44CB101022A973E40048627B /* Build configuration list for PBXNativeTarget "WWScrollTests" */;
			buildPhases = (
				44CB100522A973E40048627B /* Sources */,
				44CB100622A973E40048627B /* Frameworks */,
				44CB100722A973E40048627B /* Resources */,
			);
			buildRules = (
			);
			dependencies = (
				44CB100F22A973E40048627B /* PBXTargetDependency */,
			);
			name = WWScrollTests;
			productName = WWScrollTests;
			productReference = 44CB100922A973E40048627B /* WWScrollTests.xctest */;
			productType = "com.apple.product-type.bundle.unit-test";
		};
/* End PBXNativeTarget section */

/* Begin PBXProject section */
		44CB0DE722A198EF0048627B /* Project object */ = {
			isa = PBXProject;
			attributes = {
				LastSwiftUpdateCheck = 1020;
				LastUpgradeCheck = 1020;
				ORGANIZATIONNAME = "Emmanuel Ramirez";
				TargetAttributes = {
					44CB0DEE22A198EF0048627B = {
						CreatedOnToolsVersion = 10.2.1;
					};
					44CB100822A973E40048627B = {
						CreatedOnToolsVersion = 10.2.1;
						TestTargetID = 44CB0DEE22A198EF0048627B;
					};
				};
			};
			buildConfigurationList = 44CB0DEA22A198EF0048627B /* Build configuration list for PBXProject "WWScroll" */;
			compatibilityVersion = "Xcode 9.3";
			developmentRegion = en;
			hasScannedForEncodings = 0;
			knownRegions = (
				en,
				Base,
			);
			mainGroup = 44CB0DE622A198EF0048627B;
			productRefGroup = 44CB0DF022A198EF0048627B /* Products */;
			projectDirPath = "";
			projectRoot = "";
			targets = (
				44CB0DEE22A198EF0048627B /* WWScroll */,
				44CB100822A973E40048627B /* WWScrollTests */,
			);
		};
/* End PBXProject section */

/* Begin PBXResourcesBuildPhase section */
		44CB0DED22A198EF0048627B /* Resources */ = {
			isa = PBXResourcesBuildPhase;
			buildActionMask = 2147483647;
			files = (
				44CB0DFD22A198F00048627B /* LaunchScreen.storyboard in Resources */,
				44CB0DFA22A198F00048627B /* Assets.xcassets in Resources */,
			);
			runOnlyForDeploymentPostprocessing = 0;
		};
		44CB100722A973E40048627B /* Resources */ = {
			isa = PBXResourcesBuildPhase;
			buildActionMask = 2147483647;
			files = (
			);
			runOnlyForDeploymentPostprocessing = 0;
		};
/* End PBXResourcesBuildPhase section */

/* Begin PBXShellScriptBuildPhase section */
		84A07E19A65412A2231CA45E /* [CP] Check Pods Manifest.lock */ = {
			isa = PBXShellScriptBuildPhase;
			buildActionMask = 2147483647;
			files = (
			);
			inputFileListPaths = (
			);
			inputPaths = (
				"${PODS_PODFILE_DIR_PATH}/Podfile.lock",
				"${PODS_ROOT}/Manifest.lock",
			);
			name = "[CP] Check Pods Manifest.lock";
			outputFileListPaths = (
			);
			outputPaths = (
				"$(DERIVED_FILE_DIR)/Pods-WWScroll-checkManifestLockResult.txt",
			);
			runOnlyForDeploymentPostprocessing = 0;
			shellPath = /bin/sh;
			shellScript = "diff \"${PODS_PODFILE_DIR_PATH}/Podfile.lock\" \"${PODS_ROOT}/Manifest.lock\" > /dev/null\nif [ $? != 0 ] ; then\n    # print error to STDERR\n    echo \"error: The sandbox is not in sync with the Podfile.lock. Run 'pod install' or update your CocoaPods installation.\" >&2\n    exit 1\nfi\n# This output is used by Xcode 'outputs' to avoid re-running this script phase.\necho \"SUCCESS\" > \"${SCRIPT_OUTPUT_FILE_0}\"\n";
			showEnvVarsInLog = 0;
		};
		EEF6C1AD0B2C9FF86E8532C3 /* [CP] Embed Pods Frameworks */ = {
			isa = PBXShellScriptBuildPhase;
			buildActionMask = 2147483647;
			files = (
			);
			inputFileListPaths = (
				"${PODS_ROOT}/Target Support Files/Pods-WWScroll/Pods-WWScroll-frameworks-${CONFIGURATION}-input-files.xcfilelist",
			);
			name = "[CP] Embed Pods Frameworks";
			outputFileListPaths = (
				"${PODS_ROOT}/Target Support Files/Pods-WWScroll/Pods-WWScroll-frameworks-${CONFIGURATION}-output-files.xcfilelist",
			);
			runOnlyForDeploymentPostprocessing = 0;
			shellPath = /bin/sh;
			shellScript = "\"${PODS_ROOT}/Target Support Files/Pods-WWScroll/Pods-WWScroll-frameworks.sh\"\n";
			showEnvVarsInLog = 0;
		};
/* End PBXShellScriptBuildPhase section */

/* Begin PBXSourcesBuildPhase section */
		44CB0DEB22A198EF0048627B /* Sources */ = {
			isa = PBXSourcesBuildPhase;
			buildActionMask = 2147483647;
			files = (
				44CB0E0C22A19C000048627B /* ItemController.swift in Sources */,
				44CB0E0A22A19BE90048627B /* ItemCell.swift in Sources */,
				44CB0DF522A198EF0048627B /* ViewController.swift in Sources */,
				44CB0E0822A19BD70048627B /* Item.swift in Sources */,
				44CB101422A997DF0048627B /* ItemsViewModel.swift in Sources */,
				44CB0DF322A198EF0048627B /* AppDelegate.swift in Sources */,
				44CB0E1422A885AC0048627B /* ItemCellViewModel.swift in Sources */,
			);
			runOnlyForDeploymentPostprocessing = 0;
		};
		44CB100522A973E40048627B /* Sources */ = {
			isa = PBXSourcesBuildPhase;
			buildActionMask = 2147483647;
			files = (
				44CB100C22A973E40048627B /* WWScrollTests.swift in Sources */,
				44CB101622AAE65F0048627B /* MockURL.swift in Sources */,
			);
			runOnlyForDeploymentPostprocessing = 0;
		};
/* End PBXSourcesBuildPhase section */

/* Begin PBXTargetDependency section */
		44CB100F22A973E40048627B /* PBXTargetDependency */ = {
			isa = PBXTargetDependency;
			target = 44CB0DEE22A198EF0048627B /* WWScroll */;
			targetProxy = 44CB100E22A973E40048627B /* PBXContainerItemProxy */;
		};
/* End PBXTargetDependency section */

/* Begin PBXVariantGroup section */
		44CB0DFB22A198F00048627B /* LaunchScreen.storyboard */ = {
			isa = PBXVariantGroup;
			children = (
				44CB0DFC22A198F00048627B /* Base */,
			);
			name = LaunchScreen.storyboard;
			sourceTree = "<group>";
		};
/* End PBXVariantGroup section */

/* Begin XCBuildConfiguration section */
		44CB0DFF22A198F00048627B /* Debug */ = {
			isa = XCBuildConfiguration;
			buildSettings = {
				ALWAYS_SEARCH_USER_PATHS = NO;
				CLANG_ANALYZER_NONNULL = YES;
				CLANG_ANALYZER_NUMBER_OBJECT_CONVERSION = YES_AGGRESSIVE;
				CLANG_CXX_LANGUAGE_STANDARD = "gnu++14";
				CLANG_CXX_LIBRARY = "libc++";
				CLANG_ENABLE_MODULES = YES;
				CLANG_ENABLE_OBJC_ARC = YES;
				CLANG_ENABLE_OBJC_WEAK = YES;
				CLANG_WARN_BLOCK_CAPTURE_AUTORELEASING = YES;
				CLANG_WARN_BOOL_CONVERSION = YES;
				CLANG_WARN_COMMA = YES;
				CLANG_WARN_CONSTANT_CONVERSION = YES;
				CLANG_WARN_DEPRECATED_OBJC_IMPLEMENTATIONS = YES;
				CLANG_WARN_DIRECT_OBJC_ISA_USAGE = YES_ERROR;
				CLANG_WARN_DOCUMENTATION_COMMENTS = YES;
				CLANG_WARN_EMPTY_BODY = YES;
				CLANG_WARN_ENUM_CONVERSION = YES;
				CLANG_WARN_INFINITE_RECURSION = YES;
				CLANG_WARN_INT_CONVERSION = YES;
				CLANG_WARN_NON_LITERAL_NULL_CONVERSION = YES;
				CLANG_WARN_OBJC_IMPLICIT_RETAIN_SELF = YES;
				CLANG_WARN_OBJC_LITERAL_CONVERSION = YES;
				CLANG_WARN_OBJC_ROOT_CLASS = YES_ERROR;
				CLANG_WARN_RANGE_LOOP_ANALYSIS = YES;
				CLANG_WARN_STRICT_PROTOTYPES = YES;
				CLANG_WARN_SUSPICIOUS_MOVE = YES;
				CLANG_WARN_UNGUARDED_AVAILABILITY = YES_AGGRESSIVE;
				CLANG_WARN_UNREACHABLE_CODE = YES;
				CLANG_WARN__DUPLICATE_METHOD_MATCH = YES;
				CODE_SIGN_IDENTITY = "iPhone Developer";
				COPY_PHASE_STRIP = NO;
				DEBUG_INFORMATION_FORMAT = dwarf;
				ENABLE_STRICT_OBJC_MSGSEND = YES;
				ENABLE_TESTABILITY = YES;
				GCC_C_LANGUAGE_STANDARD = gnu11;
				GCC_DYNAMIC_NO_PIC = NO;
				GCC_NO_COMMON_BLOCKS = YES;
				GCC_OPTIMIZATION_LEVEL = 0;
				GCC_PREPROCESSOR_DEFINITIONS = (
					"DEBUG=1",
					"$(inherited)",
				);
				GCC_WARN_64_TO_32_BIT_CONVERSION = YES;
				GCC_WARN_ABOUT_RETURN_TYPE = YES_ERROR;
				GCC_WARN_UNDECLARED_SELECTOR = YES;
				GCC_WARN_UNINITIALIZED_AUTOS = YES_AGGRESSIVE;
				GCC_WARN_UNUSED_FUNCTION = YES;
				GCC_WARN_UNUSED_VARIABLE = YES;
				IPHONEOS_DEPLOYMENT_TARGET = 12.2;
				MTL_ENABLE_DEBUG_INFO = INCLUDE_SOURCE;
				MTL_FAST_MATH = YES;
				ONLY_ACTIVE_ARCH = YES;
				SDKROOT = iphoneos;
				SWIFT_ACTIVE_COMPILATION_CONDITIONS = DEBUG;
				SWIFT_OPTIMIZATION_LEVEL = "-Onone";
			};
			name = Debug;
		};
		44CB0E0022A198F00048627B /* Release */ = {
			isa = XCBuildConfiguration;
			buildSettings = {
				ALWAYS_SEARCH_USER_PATHS = NO;
				CLANG_ANALYZER_NONNULL = YES;
				CLANG_ANALYZER_NUMBER_OBJECT_CONVERSION = YES_AGGRESSIVE;
				CLANG_CXX_LANGUAGE_STANDARD = "gnu++14";
				CLANG_CXX_LIBRARY = "libc++";
				CLANG_ENABLE_MODULES = YES;
				CLANG_ENABLE_OBJC_ARC = YES;
				CLANG_ENABLE_OBJC_WEAK = YES;
				CLANG_WARN_BLOCK_CAPTURE_AUTORELEASING = YES;
				CLANG_WARN_BOOL_CONVERSION = YES;
				CLANG_WARN_COMMA = YES;
				CLANG_WARN_CONSTANT_CONVERSION = YES;
				CLANG_WARN_DEPRECATED_OBJC_IMPLEMENTATIONS = YES;
				CLANG_WARN_DIRECT_OBJC_ISA_USAGE = YES_ERROR;
				CLANG_WARN_DOCUMENTATION_COMMENTS = YES;
				CLANG_WARN_EMPTY_BODY = YES;
				CLANG_WARN_ENUM_CONVERSION = YES;
				CLANG_WARN_INFINITE_RECURSION = YES;
				CLANG_WARN_INT_CONVERSION = YES;
				CLANG_WARN_NON_LITERAL_NULL_CONVERSION = YES;
				CLANG_WARN_OBJC_IMPLICIT_RETAIN_SELF = YES;
				CLANG_WARN_OBJC_LITERAL_CONVERSION = YES;
				CLANG_WARN_OBJC_ROOT_CLASS = YES_ERROR;
				CLANG_WARN_RANGE_LOOP_ANALYSIS = YES;
				CLANG_WARN_STRICT_PROTOTYPES = YES;
				CLANG_WARN_SUSPICIOUS_MOVE = YES;
				CLANG_WARN_UNGUARDED_AVAILABILITY = YES_AGGRESSIVE;
				CLANG_WARN_UNREACHABLE_CODE = YES;
				CLANG_WARN__DUPLICATE_METHOD_MATCH = YES;
				CODE_SIGN_IDENTITY = "iPhone Developer";
				COPY_PHASE_STRIP = NO;
				DEBUG_INFORMATION_FORMAT = "dwarf-with-dsym";
				ENABLE_NS_ASSERTIONS = NO;
				ENABLE_STRICT_OBJC_MSGSEND = YES;
				GCC_C_LANGUAGE_STANDARD = gnu11;
				GCC_NO_COMMON_BLOCKS = YES;
				GCC_WARN_64_TO_32_BIT_CONVERSION = YES;
				GCC_WARN_ABOUT_RETURN_TYPE = YES_ERROR;
				GCC_WARN_UNDECLARED_SELECTOR = YES;
				GCC_WARN_UNINITIALIZED_AUTOS = YES_AGGRESSIVE;
				GCC_WARN_UNUSED_FUNCTION = YES;
				GCC_WARN_UNUSED_VARIABLE = YES;
				IPHONEOS_DEPLOYMENT_TARGET = 12.2;
				MTL_ENABLE_DEBUG_INFO = NO;
				MTL_FAST_MATH = YES;
				SDKROOT = iphoneos;
				SWIFT_COMPILATION_MODE = wholemodule;
				SWIFT_OPTIMIZATION_LEVEL = "-O";
				VALIDATE_PRODUCT = YES;
			};
			name = Release;
		};
		44CB0E0222A198F00048627B /* Debug */ = {
			isa = XCBuildConfiguration;
			baseConfigurationReference = 47DBA19F4D184BDC00304A01 /* Pods-WWScroll.debug.xcconfig */;
			buildSettings = {
				ASSETCATALOG_COMPILER_APPICON_NAME = AppIcon;
				CODE_SIGN_STYLE = Automatic;
				INFOPLIST_FILE = WWScroll/Info.plist;
				IPHONEOS_DEPLOYMENT_TARGET = 11.4;
				LD_RUNPATH_SEARCH_PATHS = (
					"$(inherited)",
					"@executable_path/Frameworks",
				);
				PRODUCT_BUNDLE_IDENTIFIER = com.eman.WWScroll;
				PRODUCT_NAME = "$(TARGET_NAME)";
				SWIFT_VERSION = 5.0;
				TARGETED_DEVICE_FAMILY = "1,2";
			};
			name = Debug;
		};
		44CB0E0322A198F00048627B /* Release */ = {
			isa = XCBuildConfiguration;
			baseConfigurationReference = BC838320B57D1CA90189D6BA /* Pods-WWScroll.release.xcconfig */;
			buildSettings = {
				ASSETCATALOG_COMPILER_APPICON_NAME = AppIcon;
				CODE_SIGN_STYLE = Automatic;
				INFOPLIST_FILE = WWScroll/Info.plist;
				IPHONEOS_DEPLOYMENT_TARGET = 11.4;
				LD_RUNPATH_SEARCH_PATHS = (
					"$(inherited)",
					"@executable_path/Frameworks",
				);
				PRODUCT_BUNDLE_IDENTIFIER = com.eman.WWScroll;
				PRODUCT_NAME = "$(TARGET_NAME)";
				SWIFT_VERSION = 5.0;
				TARGETED_DEVICE_FAMILY = "1,2";
			};
			name = Release;
		};
		44CB101122A973E40048627B /* Debug */ = {
			isa = XCBuildConfiguration;
			buildSettings = {
				BUNDLE_LOADER = "$(TEST_HOST)";
				CODE_SIGN_STYLE = Automatic;
				INFOPLIST_FILE = WWScrollTests/Info.plist;
				LD_RUNPATH_SEARCH_PATHS = (
					"$(inherited)",
					"@executable_path/Frameworks",
					"@loader_path/Frameworks",
				);
				PRODUCT_BUNDLE_IDENTIFIER = com.eman.WWScrollTests;
				PRODUCT_NAME = "$(TARGET_NAME)";
				SWIFT_VERSION = 5.0;
				TARGETED_DEVICE_FAMILY = "1,2";
				TEST_HOST = "$(BUILT_PRODUCTS_DIR)/WWScroll.app/WWScroll";
			};
			name = Debug;
		};
		44CB101222A973E40048627B /* Release */ = {
			isa = XCBuildConfiguration;
			buildSettings = {
				BUNDLE_LOADER = "$(TEST_HOST)";
				CODE_SIGN_STYLE = Automatic;
				INFOPLIST_FILE = WWScrollTests/Info.plist;
				LD_RUNPATH_SEARCH_PATHS = (
					"$(inherited)",
					"@executable_path/Frameworks",
					"@loader_path/Frameworks",
				);
				PRODUCT_BUNDLE_IDENTIFIER = com.eman.WWScrollTests;
				PRODUCT_NAME = "$(TARGET_NAME)";
				SWIFT_VERSION = 5.0;
				TARGETED_DEVICE_FAMILY = "1,2";
				TEST_HOST = "$(BUILT_PRODUCTS_DIR)/WWScroll.app/WWScroll";
			};
			name = Release;
		};
/* End XCBuildConfiguration section */

/* Begin XCConfigurationList section */
		44CB0DEA22A198EF0048627B /* Build configuration list for PBXProject "WWScroll" */ = {
			isa = XCConfigurationList;
			buildConfigurations = (
				44CB0DFF22A198F00048627B /* Debug */,
				44CB0E0022A198F00048627B /* Release */,
			);
			defaultConfigurationIsVisible = 0;
			defaultConfigurationName = Release;
		};
		44CB0E0122A198F00048627B /* Build configuration list for PBXNativeTarget "WWScroll" */ = {
			isa = XCConfigurationList;
			buildConfigurations = (
				44CB0E0222A198F00048627B /* Debug */,
				44CB0E0322A198F00048627B /* Release */,
			);
			defaultConfigurationIsVisible = 0;
			defaultConfigurationName = Release;
		};
		44CB101022A973E40048627B /* Build configuration list for PBXNativeTarget "WWScrollTests" */ = {
			isa = XCConfigurationList;
			buildConfigurations = (
				44CB101122A973E40048627B /* Debug */,
				44CB101222A973E40048627B /* Release */,
			);
			defaultConfigurationIsVisible = 0;
			defaultConfigurationName = Release;
		};
/* End XCConfigurationList section */
	};
	rootObject = 44CB0DE722A198EF0048627B /* Project object */;
}
